
Microsoft Visual Studio Solution File, Format Version 12.00
# Visual Studio Version 16
VisualStudioVersion = 16.0.29806.167
MinimumVisualStudioVersion = 10.0.40219.1
Project("{FAE04EC0-301F-11D3-BF4B-00C04F79EFBC}") = "YetAnotherPrunePhysics", "YetAnotherPrunePhysics\YetAnotherPrunePhysics.csproj", "{725BB8A2-FEC5-4760-9245-5C5C1F216BA0}"
EndProject
Global
	GlobalSection(SolutionConfigurationPlatforms) = preSolution
		Debug|Any CPU = Debug|Any CPU
		Release|Any CPU = Release|Any CPU
	EndGlobalSection
	GlobalSection(ProjectConfigurationPlatforms) = postSolution
		{725BB8A2-FEC5-4760-9245-5C5C1F216BA0}.Debug|Any CPU.ActiveCfg = Debug|Any CPU
		{725BB8A2-FEC5-4760-9245-5C5C1F216BA0}.Debug|Any CPU.Build.0 = Debug|Any CPU
		{725BB8A2-FEC5-4760-9245-5C5C1F216BA0}.Release|Any CPU.ActiveCfg = Release|Any CPU
		{725BB8A2-FEC5-4760-9245-5C5C1F216BA0}.Release|Any CPU.Build.0 = Release|Any CPU
	EndGlobalSection
	GlobalSection(SolutionProperties) = preSolution
		HideSolutionNode = FALSE
	EndGlobalSection
	GlobalSection(ExtensibilityGlobals) = postSolution
		SolutionGuid = {54C9EF8A-C6B1-4E70-8647-AAE69B87B948}
	EndGlobalSection
EndGlobal
